// !$*UTF8*$!
{
	archiveVersion = 1;
	classes = {
	};
	objectVersion = 46;
	objects = {

/* Begin PBXBuildFile section */
		4C44408E38490BD5E176C944 /* Pods_QQZone.framework in Frameworks */ = {isa = PBXBuildFile; fileRef = D47DEC8B6008EE063CBC0367 /* Pods_QQZone.framework */; settings = {ATTRIBUTES = (Weak, ); }; };
		DF7C3F471C7596880017B8A8 /* SJAlbumCollectionViewController.m in Sources */ = {isa = PBXBuildFile; fileRef = DF7C3F461C7596880017B8A8 /* SJAlbumCollectionViewController.m */; settings = {ASSET_TAGS = (); }; };
		DF7C3F4A1C75969E0017B8A8 /* SJPictureWallCollectionViewController.m in Sources */ = {isa = PBXBuildFile; fileRef = DF7C3F491C75969E0017B8A8 /* SJPictureWallCollectionViewController.m */; settings = {ASSET_TAGS = (); }; };
		DF7C3F4D1C7596B50017B8A8 /* SJZoneTableViewController.m in Sources */ = {isa = PBXBuildFile; fileRef = DF7C3F4C1C7596B50017B8A8 /* SJZoneTableViewController.m */; settings = {ASSET_TAGS = (); }; };
		DF7C3F501C7596C40017B8A8 /* SJAboultMeTableViewController.m in Sources */ = {isa = PBXBuildFile; fileRef = DF7C3F4F1C7596C40017B8A8 /* SJAboultMeTableViewController.m */; settings = {ASSET_TAGS = (); }; };
		DF7C3F531C7596CF0017B8A8 /* SJComposeTableViewController.m in Sources */ = {isa = PBXBuildFile; fileRef = DF7C3F521C7596CF0017B8A8 /* SJComposeTableViewController.m */; settings = {ASSET_TAGS = (); }; };
		DF7C3F561C7596DA0017B8A8 /* SJHomeTableViewController.m in Sources */ = {isa = PBXBuildFile; fileRef = DF7C3F551C7596DA0017B8A8 /* SJHomeTableViewController.m */; settings = {ASSET_TAGS = (); }; };
		DF7C3F591C7596E40017B8A8 /* SJMoreTableViewController.m in Sources */ = {isa = PBXBuildFile; fileRef = DF7C3F581C7596E40017B8A8 /* SJMoreTableViewController.m */; settings = {ASSET_TAGS = (); }; };
		DF7C40D01C76AED20017B8A8 /* SJMenuItem.m in Sources */ = {isa = PBXBuildFile; fileRef = DF7C40CF1C76AED20017B8A8 /* SJMenuItem.m */; settings = {ASSET_TAGS = (); }; };
		DF9BA4861C76B6C00089D9C6 /* SJMenuItemViewModel.m in Sources */ = {isa = PBXBuildFile; fileRef = DF9BA4851C76B6C00089D9C6 /* SJMenuItemViewModel.m */; settings = {ASSET_TAGS = (); }; };
		DF9BA48A1C76C1F40089D9C6 /* SJMenuButton.m in Sources */ = {isa = PBXBuildFile; fileRef = DF9BA4891C76C1F40089D9C6 /* SJMenuButton.m */; settings = {ASSET_TAGS = (); }; };
		DFC1771C1C76F97200561DAE /* SJDetailViewController.m in Sources */ = {isa = PBXBuildFile; fileRef = DFC1771B1C76F97200561DAE /* SJDetailViewController.m */; settings = {ASSET_TAGS = (); }; };
		DFDB4F1A1C7714CD000E49EA /* pxh.JPG in Resources */ = {isa = PBXBuildFile; fileRef = DFDB4F191C7714CD000E49EA /* pxh.JPG */; settings = {ASSET_TAGS = (); }; };
		DFDB4F261C77FD5F000E49EA /* SJBaseSegmenTableViewController.m in Sources */ = {isa = PBXBuildFile; fileRef = DFDB4F251C77FD5F000E49EA /* SJBaseSegmenTableViewController.m */; settings = {ASSET_TAGS = (); }; };
		DFDB4F2B1C780375000E49EA /* SJMyFrendsViewController.m in Sources */ = {isa = PBXBuildFile; fileRef = DFDB4F2A1C780375000E49EA /* SJMyFrendsViewController.m */; settings = {ASSET_TAGS = (); }; };
		DFF8DC251C734C7400DE2E2F /* main.m in Sources */ = {isa = PBXBuildFile; fileRef = DFF8DC241C734C7400DE2E2F /* main.m */; };
		DFF8DC2E1C734C7400DE2E2F /* Main.storyboard in Resources */ = {isa = PBXBuildFile; fileRef = DFF8DC2C1C734C7400DE2E2F /* Main.storyboard */; };
		DFF8DC301C734C7400DE2E2F /* Assets.xcassets in Resources */ = {isa = PBXBuildFile; fileRef = DFF8DC2F1C734C7400DE2E2F /* Assets.xcassets */; };
		DFF8DC331C734C7400DE2E2F /* LaunchScreen.storyboard in Resources */ = {isa = PBXBuildFile; fileRef = DFF8DC311C734C7400DE2E2F /* LaunchScreen.storyboard */; };
		DFF8DC461C7414AD00DE2E2F /* AppDelegate.m in Sources */ = {isa = PBXBuildFile; fileRef = DFF8DC3D1C7414AD00DE2E2F /* AppDelegate.m */; settings = {ASSET_TAGS = (); }; };
		DFF8DC4E1C7417BC00DE2E2F /* SJSplitViewController.m in Sources */ = {isa = PBXBuildFile; fileRef = DFF8DC4D1C7417BC00DE2E2F /* SJSplitViewController.m */; settings = {ASSET_TAGS = (); }; };
		DFF8DC511C744D1800DE2E2F /* SJMenuViewController.m in Sources */ = {isa = PBXBuildFile; fileRef = DFF8DC501C744D1800DE2E2F /* SJMenuViewController.m */; settings = {ASSET_TAGS = (); }; };
		DFF8DC541C745D8500DE2E2F /* SJMainTableViewController.m in Sources */ = {isa = PBXBuildFile; fileRef = DFF8DC531C745D8500DE2E2F /* SJMainTableViewController.m */; settings = {ASSET_TAGS = (); }; };
/* End PBXBuildFile section */

/* Begin PBXFileReference section */
		4E5F98094C944181756B2128 /* Pods-QQZone.release.xcconfig */ = {isa = PBXFileReference; includeInIndex = 1; lastKnownFileType = text.xcconfig; name = "Pods-QQZone.release.xcconfig"; path = "Pods/Target Support Files/Pods-QQZone/Pods-QQZone.release.xcconfig"; sourceTree = "<group>"; };
		B8CAEF3F129833994018B836 /* Pods-QQZone.debug.xcconfig */ = {isa = PBXFileReference; includeInIndex = 1; lastKnownFileType = text.xcconfig; name = "Pods-QQZone.debug.xcconfig"; path = "Pods/Target Support Files/Pods-QQZone/Pods-QQZone.debug.xcconfig"; sourceTree = "<group>"; };
		D47DEC8B6008EE063CBC0367 /* Pods_QQZone.framework */ = {isa = PBXFileReference; explicitFileType = wrapper.framework; includeInIndex = 0; path = Pods_QQZone.framework; sourceTree = BUILT_PRODUCTS_DIR; };
		DF7C3F451C7596880017B8A8 /* SJAlbumCollectionViewController.h */ = {isa = PBXFileReference; fileEncoding = 4; lastKnownFileType = sourcecode.c.h; path = SJAlbumCollectionViewController.h; sourceTree = "<group>"; };
		DF7C3F461C7596880017B8A8 /* SJAlbumCollectionViewController.m */ = {isa = PBXFileReference; fileEncoding = 4; lastKnownFileType = sourcecode.c.objc; path = SJAlbumCollectionViewController.m; sourceTree = "<group>"; };
		DF7C3F481C75969E0017B8A8 /* SJPictureWallCollectionViewController.h */ = {isa = PBXFileReference; fileEncoding = 4; lastKnownFileType = sourcecode.c.h; path = SJPictureWallCollectionViewController.h; sourceTree = "<group>"; };
		DF7C3F491C75969E0017B8A8 /* SJPictureWallCollectionViewController.m */ = {isa = PBXFileReference; fileEncoding = 4; lastKnownFileType = sourcecode.c.objc; path = SJPictureWallCollectionViewController.m; sourceTree = "<group>"; };
		DF7C3F4B1C7596B50017B8A8 /* SJZoneTableViewController.h */ = {isa = PBXFileReference; fileEncoding = 4; lastKnownFileType = sourcecode.c.h; path = SJZoneTableViewController.h; sourceTree = "<group>"; };
		DF7C3F4C1C7596B50017B8A8 /* SJZoneTableViewController.m */ = {isa = PBXFileReference; fileEncoding = 4; lastKnownFileType = sourcecode.c.objc; path = SJZoneTableViewController.m; sourceTree = "<group>"; };
		DF7C3F4E1C7596C40017B8A8 /* SJAboultMeTableViewController.h */ = {isa = PBXFileReference; fileEncoding = 4; lastKnownFileType = sourcecode.c.h; path = SJAboultMeTableViewController.h; sourceTree = "<group>"; };
		DF7C3F4F1C7596C40017B8A8 /* SJAboultMeTableViewController.m */ = {isa = PBXFileReference; fileEncoding = 4; lastKnownFileType = sourcecode.c.objc; path = SJAboultMeTableViewController.m; sourceTree = "<group>"; };
		DF7C3F511C7596CF0017B8A8 /* SJComposeTableViewController.h */ = {isa = PBXFileReference; fileEncoding = 4; lastKnownFileType = sourcecode.c.h; path = SJComposeTableViewController.h; sourceTree = "<group>"; };
		DF7C3F521C7596CF0017B8A8 /* SJComposeTableViewController.m */ = {isa = PBXFileReference; fileEncoding = 4; lastKnownFileType = sourcecode.c.objc; path = SJComposeTableViewController.m; sourceTree = "<group>"; };
		DF7C3F541C7596DA0017B8A8 /* SJHomeTableViewController.h */ = {isa = PBXFileReference; fileEncoding = 4; lastKnownFileType = sourcecode.c.h; path = SJHomeTableViewController.h; sourceTree = "<group>"; };
		DF7C3F551C7596DA0017B8A8 /* SJHomeTableViewController.m */ = {isa = PBXFileReference; fileEncoding = 4; lastKnownFileType = sourcecode.c.objc; path = SJHomeTableViewController.m; sourceTree = "<group>"; };
		DF7C3F571C7596E40017B8A8 /* SJMoreTableViewController.h */ = {isa = PBXFileReference; fileEncoding = 4; lastKnownFileType = sourcecode.c.h; path = SJMoreTableViewController.h; sourceTree = "<group>"; };
		DF7C3F581C7596E40017B8A8 /* SJMoreTableViewController.m */ = {isa = PBXFileReference; fileEncoding = 4; lastKnownFileType = sourcecode.c.objc; path = SJMoreTableViewController.m; sourceTree = "<group>"; };
		DF7C40CE1C76AED20017B8A8 /* SJMenuItem.h */ = {isa = PBXFileReference; fileEncoding = 4; lastKnownFileType = sourcecode.c.h; path = SJMenuItem.h; sourceTree = "<group>"; };
		DF7C40CF1C76AED20017B8A8 /* SJMenuItem.m */ = {isa = PBXFileReference; fileEncoding = 4; lastKnownFileType = sourcecode.c.objc; path = SJMenuItem.m; sourceTree = "<group>"; };
		DF9BA4841C76B6C00089D9C6 /* SJMenuItemViewModel.h */ = {isa = PBXFileReference; fileEncoding = 4; lastKnownFileType = sourcecode.c.h; path = SJMenuItemViewModel.h; sourceTree = "<group>"; };
		DF9BA4851C76B6C00089D9C6 /* SJMenuItemViewModel.m */ = {isa = PBXFileReference; fileEncoding = 4; lastKnownFileType = sourcecode.c.objc; path = SJMenuItemViewModel.m; sourceTree = "<group>"; };
		DF9BA4881C76C1F40089D9C6 /* SJMenuButton.h */ = {isa = PBXFileReference; fileEncoding = 4; lastKnownFileType = sourcecode.c.h; path = SJMenuButton.h; sourceTree = "<group>"; };
		DF9BA4891C76C1F40089D9C6 /* SJMenuButton.m */ = {isa = PBXFileReference; fileEncoding = 4; lastKnownFileType = sourcecode.c.objc; path = SJMenuButton.m; sourceTree = "<group>"; };
		DFC1771A1C76F97200561DAE /* SJDetailViewController.h */ = {isa = PBXFileReference; fileEncoding = 4; lastKnownFileType = sourcecode.c.h; path = SJDetailViewController.h; sourceTree = "<group>"; };
		DFC1771B1C76F97200561DAE /* SJDetailViewController.m */ = {isa = PBXFileReference; fileEncoding = 4; lastKnownFileType = sourcecode.c.objc; path = SJDetailViewController.m; sourceTree = "<group>"; };
		DFDB4F191C7714CD000E49EA /* pxh.JPG */ = {isa = PBXFileReference; lastKnownFileType = image.jpeg; path = pxh.JPG; sourceTree = "<group>"; };
		DFDB4F241C77FD5F000E49EA /* SJBaseSegmenTableViewController.h */ = {isa = PBXFileReference; fileEncoding = 4; lastKnownFileType = sourcecode.c.h; path = SJBaseSegmenTableViewController.h; sourceTree = "<group>"; };
		DFDB4F251C77FD5F000E49EA /* SJBaseSegmenTableViewController.m */ = {isa = PBXFileReference; fileEncoding = 4; lastKnownFileType = sourcecode.c.objc; path = SJBaseSegmenTableViewController.m; sourceTree = "<group>"; };
		DFDB4F291C780375000E49EA /* SJMyFrendsViewController.h */ = {isa = PBXFileReference; fileEncoding = 4; lastKnownFileType = sourcecode.c.h; path = SJMyFrendsViewController.h; sourceTree = "<group>"; };
		DFDB4F2A1C780375000E49EA /* SJMyFrendsViewController.m */ = {isa = PBXFileReference; fileEncoding = 4; lastKnownFileType = sourcecode.c.objc; path = SJMyFrendsViewController.m; sourceTree = "<group>"; };
		DFF8DC201C734C7400DE2E2F /* QQZone.app */ = {isa = PBXFileReference; explicitFileType = wrapper.application; includeInIndex = 0; path = QQZone.app; sourceTree = BUILT_PRODUCTS_DIR; };
		DFF8DC241C734C7400DE2E2F /* main.m */ = {isa = PBXFileReference; lastKnownFileType = sourcecode.c.objc; path = main.m; sourceTree = "<group>"; };
		DFF8DC2D1C734C7400DE2E2F /* Base */ = {isa = PBXFileReference; lastKnownFileType = file.storyboard; name = Base; path = Base.lproj/Main.storyboard; sourceTree = "<group>"; };
		DFF8DC2F1C734C7400DE2E2F /* Assets.xcassets */ = {isa = PBXFileReference; lastKnownFileType = folder.assetcatalog; path = Assets.xcassets; sourceTree = "<group>"; };
		DFF8DC321C734C7400DE2E2F /* Base */ = {isa = PBXFileReference; lastKnownFileType = file.storyboard; name = Base; path = Base.lproj/LaunchScreen.storyboard; sourceTree = "<group>"; };
		DFF8DC341C734C7400DE2E2F /* Info.plist */ = {isa = PBXFileReference; lastKnownFileType = text.plist.xml; path = Info.plist; sourceTree = "<group>"; };
		DFF8DC3A1C7407A200DE2E2F /* PrefixHeader.pch */ = {isa = PBXFileReference; lastKnownFileType = sourcecode.c.h; path = PrefixHeader.pch; sourceTree = "<group>"; };
		DFF8DC3C1C7414AD00DE2E2F /* AppDelegate.h */ = {isa = PBXFileReference; fileEncoding = 4; lastKnownFileType = sourcecode.c.h; path = AppDelegate.h; sourceTree = "<group>"; };
		DFF8DC3D1C7414AD00DE2E2F /* AppDelegate.m */ = {isa = PBXFileReference; fileEncoding = 4; lastKnownFileType = sourcecode.c.objc; path = AppDelegate.m; sourceTree = "<group>"; };
		DFF8DC4C1C7417BC00DE2E2F /* SJSplitViewController.h */ = {isa = PBXFileReference; fileEncoding = 4; lastKnownFileType = sourcecode.c.h; path = SJSplitViewController.h; sourceTree = "<group>"; };
		DFF8DC4D1C7417BC00DE2E2F /* SJSplitViewController.m */ = {isa = PBXFileReference; fileEncoding = 4; lastKnownFileType = sourcecode.c.objc; path = SJSplitViewController.m; sourceTree = "<group>"; };
		DFF8DC4F1C744D1800DE2E2F /* SJMenuViewController.h */ = {isa = PBXFileReference; fileEncoding = 4; lastKnownFileType = sourcecode.c.h; path = SJMenuViewController.h; sourceTree = "<group>"; };
		DFF8DC501C744D1800DE2E2F /* SJMenuViewController.m */ = {isa = PBXFileReference; fileEncoding = 4; lastKnownFileType = sourcecode.c.objc; path = SJMenuViewController.m; sourceTree = "<group>"; };
		DFF8DC521C745D8500DE2E2F /* SJMainTableViewController.h */ = {isa = PBXFileReference; fileEncoding = 4; lastKnownFileType = sourcecode.c.h; path = SJMainTableViewController.h; sourceTree = "<group>"; };
		DFF8DC531C745D8500DE2E2F /* SJMainTableViewController.m */ = {isa = PBXFileReference; fileEncoding = 4; lastKnownFileType = sourcecode.c.objc; path = SJMainTableViewController.m; sourceTree = "<group>"; };
/* End PBXFileReference section */

/* Begin PBXFrameworksBuildPhase section */
		DFF8DC1D1C734C7400DE2E2F /* Frameworks */ = {
			isa = PBXFrameworksBuildPhase;
			buildActionMask = 2147483647;
			files = (
				4C44408E38490BD5E176C944 /* Pods_QQZone.framework in Frameworks */,
			);
			runOnlyForDeploymentPostprocessing = 0;
		};
/* End PBXFrameworksBuildPhase section */

/* Begin PBXGroup section */
		29F071E5015B96FC98E37C45 /* Pods */ = {
			isa = PBXGroup;
			children = (
				B8CAEF3F129833994018B836 /* Pods-QQZone.debug.xcconfig */,
				4E5F98094C944181756B2128 /* Pods-QQZone.release.xcconfig */,
			);
			name = Pods;
			sourceTree = "<group>";
		};
		92CF7FE3C6951F5C82B9638B /* Frameworks */ = {
			isa = PBXGroup;
			children = (
				D47DEC8B6008EE063CBC0367 /* Pods_QQZone.framework */,
			);
			name = Frameworks;
			sourceTree = "<group>";
		};
		DF7C40CD1C76AEBE0017B8A8 /* Model */ = {
			isa = PBXGroup;
			children = (
				DF7C40CE1C76AED20017B8A8 /* SJMenuItem.h */,
				DF7C40CF1C76AED20017B8A8 /* SJMenuItem.m */,
			);
			path = Model;
			sourceTree = "<group>";
		};
		DF9BA4831C76B68C0089D9C6 /* ViewModel */ = {
			isa = PBXGroup;
			children = (
				DF9BA4841C76B6C00089D9C6 /* SJMenuItemViewModel.h */,
				DF9BA4851C76B6C00089D9C6 /* SJMenuItemViewModel.m */,
			);
			path = ViewModel;
			sourceTree = "<group>";
		};
		DF9BA4871C76C1DA0089D9C6 /* View */ = {
			isa = PBXGroup;
			children = (
				DF9BA4881C76C1F40089D9C6 /* SJMenuButton.h */,
				DF9BA4891C76C1F40089D9C6 /* SJMenuButton.m */,
			);
			path = View;
			sourceTree = "<group>";
		};
		DFDB4F231C77FCCF000E49EA /* Controller */ = {
			isa = PBXGroup;
			children = (
				DFDB4F241C77FD5F000E49EA /* SJBaseSegmenTableViewController.h */,
				DFDB4F251C77FD5F000E49EA /* SJBaseSegmenTableViewController.m */,
			);
			path = Controller;
			sourceTree = "<group>";
		};
		DFDB4F271C780354000E49EA /* MyFrends */ = {
			isa = PBXGroup;
			children = (
				DFDB4F281C780367000E49EA /* controller */,
			);
			path = MyFrends;
			sourceTree = "<group>";
		};
		DFDB4F281C780367000E49EA /* controller */ = {
			isa = PBXGroup;
			children = (
				DFDB4F291C780375000E49EA /* SJMyFrendsViewController.h */,
				DFDB4F2A1C780375000E49EA /* SJMyFrendsViewController.m */,
			);
			path = controller;
			sourceTree = "<group>";
		};
		DFF8DC171C734C7400DE2E2F = {
			isa = PBXGroup;
			children = (
				DFF8DC221C734C7400DE2E2F /* QQZone */,
				DFF8DC211C734C7400DE2E2F /* Products */,
				29F071E5015B96FC98E37C45 /* Pods */,
				92CF7FE3C6951F5C82B9638B /* Frameworks */,
			);
			sourceTree = "<group>";
		};
		DFF8DC211C734C7400DE2E2F /* Products */ = {
			isa = PBXGroup;
			children = (
				DFF8DC201C734C7400DE2E2F /* QQZone.app */,
			);
			name = Products;
			sourceTree = "<group>";
		};
		DFF8DC221C734C7400DE2E2F /* QQZone */ = {
			isa = PBXGroup;
			children = (
				DFF8DC3B1C7414AD00DE2E2F /* Class */,
				DFF8DC2C1C734C7400DE2E2F /* Main.storyboard */,
				DFF8DC2F1C734C7400DE2E2F /* Assets.xcassets */,
				DFF8DC311C734C7400DE2E2F /* LaunchScreen.storyboard */,
				DFF8DC341C734C7400DE2E2F /* Info.plist */,
				DFF8DC231C734C7400DE2E2F /* Supporting Files */,
			);
			path = QQZone;
			sourceTree = "<group>";
		};
		DFF8DC231C734C7400DE2E2F /* Supporting Files */ = {
			isa = PBXGroup;
			children = (
				DFDB4F191C7714CD000E49EA /* pxh.JPG */,
				DFF8DC241C734C7400DE2E2F /* main.m */,
				DFF8DC3A1C7407A200DE2E2F /* PrefixHeader.pch */,
			);
			name = "Supporting Files";
			sourceTree = "<group>";
		};
		DFF8DC3B1C7414AD00DE2E2F /* Class */ = {
			isa = PBXGroup;
			children = (
				DFF8DC3C1C7414AD00DE2E2F /* AppDelegate.h */,
				DFF8DC3D1C7414AD00DE2E2F /* AppDelegate.m */,
				DFF8DC3E1C7414AD00DE2E2F /* Category */,
				DFF8DC3F1C7414AD00DE2E2F /* Lib */,
				DFF8DC401C7414AD00DE2E2F /* Model(全局模型) */,
				DFF8DC411C7414AD00DE2E2F /* Module */,
				DFF8DC451C7414AD00DE2E2F /* Tool */,
			);
			path = Class;
			sourceTree = "<group>";
		};
		DFF8DC3E1C7414AD00DE2E2F /* Category */ = {
			isa = PBXGroup;
			children = (
			);
			path = Category;
			sourceTree = "<group>";
		};
		DFF8DC3F1C7414AD00DE2E2F /* Lib */ = {
			isa = PBXGroup;
			children = (
			);
			path = Lib;
			sourceTree = "<group>";
		};
		DFF8DC401C7414AD00DE2E2F /* Model(全局模型) */ = {
			isa = PBXGroup;
			children = (
			);
			name = "Model(全局模型)";
			path = Model;
			sourceTree = "<group>";
		};
		DFF8DC411C7414AD00DE2E2F /* Module */ = {
			isa = PBXGroup;
			children = (
				DFF8DC591C745EDC00DE2E2F /* iPad(ipad独立模块) */,
				DFF8DC431C7414AD00DE2E2F /* iPhone(iphone独立模块) */,
				DFF8DC441C7414AD00DE2E2F /* Universal(共有模块) */,
			);
			path = Module;
			sourceTree = "<group>";
		};
		DFF8DC431C7414AD00DE2E2F /* iPhone(iphone独立模块) */ = {
			isa = PBXGroup;
			children = (
				DFF8DC5E1C745EE800DE2E2F /* Zone(我的空间) */,
			);
			name = "iPhone(iphone独立模块)";
			path = iPhone;
			sourceTree = "<group>";
		};
		DFF8DC441C7414AD00DE2E2F /* Universal(共有模块) */ = {
			isa = PBXGroup;
			children = (
				DFDB4F271C780354000E49EA /* MyFrends */,
				DFF8DC601C745F2700DE2E2F /* AboultMe(与我相关) */,
				DFF8DC621C745F2700DE2E2F /* Compose(发说说) */,
				DFF8DC641C745F2700DE2E2F /* Home(动态) */,
				DFF8DC661C745F2700DE2E2F /* More(更多) */,
				DFF8DC471C74177000DE2E2F /* main(主界面) */,
			);
			name = "Universal(共有模块)";
			path = Universal;
			sourceTree = "<group>";
		};
		DFF8DC451C7414AD00DE2E2F /* Tool */ = {
			isa = PBXGroup;
			children = (
			);
			path = Tool;
			sourceTree = "<group>";
		};
		DFF8DC471C74177000DE2E2F /* main(主界面) */ = {
			isa = PBXGroup;
			children = (
				DFF8DC481C74177000DE2E2F /* iPad */,
				DFF8DC4A1C74177000DE2E2F /* iPhone */,
			);
			name = "main(主界面)";
			path = main;
			sourceTree = "<group>";
		};
		DFF8DC481C74177000DE2E2F /* iPad */ = {
			isa = PBXGroup;
			children = (
				DF9BA4871C76C1DA0089D9C6 /* View */,
				DF9BA4831C76B68C0089D9C6 /* ViewModel */,
				DF7C40CD1C76AEBE0017B8A8 /* Model */,
				DFF8DC491C74177000DE2E2F /* Controller */,
			);
			path = iPad;
			sourceTree = "<group>";
		};
		DFF8DC491C74177000DE2E2F /* Controller */ = {
			isa = PBXGroup;
			children = (
				DFF8DC4C1C7417BC00DE2E2F /* SJSplitViewController.h */,
				DFF8DC4D1C7417BC00DE2E2F /* SJSplitViewController.m */,
				DFF8DC4F1C744D1800DE2E2F /* SJMenuViewController.h */,
				DFF8DC501C744D1800DE2E2F /* SJMenuViewController.m */,
				DFC1771A1C76F97200561DAE /* SJDetailViewController.h */,
				DFC1771B1C76F97200561DAE /* SJDetailViewController.m */,
			);
			path = Controller;
			sourceTree = "<group>";
		};
		DFF8DC4A1C74177000DE2E2F /* iPhone */ = {
			isa = PBXGroup;
			children = (
				DFF8DC4B1C74177000DE2E2F /* Controller */,
			);
			path = iPhone;
			sourceTree = "<group>";
		};
		DFF8DC4B1C74177000DE2E2F /* Controller */ = {
			isa = PBXGroup;
			children = (
				DFF8DC521C745D8500DE2E2F /* SJMainTableViewController.h */,
				DFF8DC531C745D8500DE2E2F /* SJMainTableViewController.m */,
			);
			path = Controller;
			sourceTree = "<group>";
		};
		DFF8DC591C745EDC00DE2E2F /* iPad(ipad独立模块) */ = {
			isa = PBXGroup;
			children = (
				DFDB4F231C77FCCF000E49EA /* Controller */,
				DFF8DC5A1C745EDC00DE2E2F /* Album(电子相册) */,
				DFF8DC5C1C745EDC00DE2E2F /* PictureWall(照片墙) */,
			);
			name = "iPad(ipad独立模块)";
			path = iPad;
			sourceTree = "<group>";
		};
		DFF8DC5A1C745EDC00DE2E2F /* Album(电子相册) */ = {
			isa = PBXGroup;
			children = (
				DFF8DC5B1C745EDC00DE2E2F /* Controller */,
			);
			name = "Album(电子相册)";
			path = Album;
			sourceTree = "<group>";
		};
		DFF8DC5B1C745EDC00DE2E2F /* Controller */ = {
			isa = PBXGroup;
			children = (
				DF7C3F451C7596880017B8A8 /* SJAlbumCollectionViewController.h */,
				DF7C3F461C7596880017B8A8 /* SJAlbumCollectionViewController.m */,
			);
			path = Controller;
			sourceTree = "<group>";
		};
		DFF8DC5C1C745EDC00DE2E2F /* PictureWall(照片墙) */ = {
			isa = PBXGroup;
			children = (
				DFF8DC5D1C745EDC00DE2E2F /* Controller */,
			);
			name = "PictureWall(照片墙)";
			path = PictureWall;
			sourceTree = "<group>";
		};
		DFF8DC5D1C745EDC00DE2E2F /* Controller */ = {
			isa = PBXGroup;
			children = (
				DF7C3F481C75969E0017B8A8 /* SJPictureWallCollectionViewController.h */,
				DF7C3F491C75969E0017B8A8 /* SJPictureWallCollectionViewController.m */,
			);
			path = Controller;
			sourceTree = "<group>";
		};
		DFF8DC5E1C745EE800DE2E2F /* Zone(我的空间) */ = {
			isa = PBXGroup;
			children = (
				DFF8DC5F1C745EE800DE2E2F /* Controller */,
				DF7C3F4B1C7596B50017B8A8 /* SJZoneTableViewController.h */,
				DF7C3F4C1C7596B50017B8A8 /* SJZoneTableViewController.m */,
			);
			name = "Zone(我的空间)";
			path = Zone;
			sourceTree = "<group>";
		};
		DFF8DC5F1C745EE800DE2E2F /* Controller */ = {
			isa = PBXGroup;
			children = (
			);
			path = Controller;
			sourceTree = "<group>";
		};
		DFF8DC601C745F2700DE2E2F /* AboultMe(与我相关) */ = {
			isa = PBXGroup;
			children = (
				DFF8DC611C745F2700DE2E2F /* Controller */,
				DF7C3F4E1C7596C40017B8A8 /* SJAboultMeTableViewController.h */,
				DF7C3F4F1C7596C40017B8A8 /* SJAboultMeTableViewController.m */,
			);
			name = "AboultMe(与我相关)";
			path = AboultMe;
			sourceTree = "<group>";
		};
		DFF8DC611C745F2700DE2E2F /* Controller */ = {
			isa = PBXGroup;
			children = (
			);
			path = Controller;
			sourceTree = "<group>";
		};
		DFF8DC621C745F2700DE2E2F /* Compose(发说说) */ = {
			isa = PBXGroup;
			children = (
				DFF8DC631C745F2700DE2E2F /* Controller */,
				DF7C3F511C7596CF0017B8A8 /* SJComposeTableViewController.h */,
				DF7C3F521C7596CF0017B8A8 /* SJComposeTableViewController.m */,
			);
			name = "Compose(发说说)";
			path = Compose;
			sourceTree = "<group>";
		};
		DFF8DC631C745F2700DE2E2F /* Controller */ = {
			isa = PBXGroup;
			children = (
			);
			path = Controller;
			sourceTree = "<group>";
		};
		DFF8DC641C745F2700DE2E2F /* Home(动态) */ = {
			isa = PBXGroup;
			children = (
				DFF8DC651C745F2700DE2E2F /* Controller */,
				DF7C3F541C7596DA0017B8A8 /* SJHomeTableViewController.h */,
				DF7C3F551C7596DA0017B8A8 /* SJHomeTableViewController.m */,
			);
			name = "Home(动态)";
			path = Home;
			sourceTree = "<group>";
		};
		DFF8DC651C745F2700DE2E2F /* Controller */ = {
			isa = PBXGroup;
			children = (
			);
			path = Controller;
			sourceTree = "<group>";
		};
		DFF8DC661C745F2700DE2E2F /* More(更多) */ = {
			isa = PBXGroup;
			children = (
				DFF8DC671C745F2700DE2E2F /* Controller */,
			);
			name = "More(更多)";
			path = More;
			sourceTree = "<group>";
		};
		DFF8DC671C745F2700DE2E2F /* Controller */ = {
			isa = PBXGroup;
			children = (
				DF7C3F571C7596E40017B8A8 /* SJMoreTableViewController.h */,
				DF7C3F581C7596E40017B8A8 /* SJMoreTableViewController.m */,
			);
			path = Controller;
			sourceTree = "<group>";
		};
/* End PBXGroup section */

/* Begin PBXNativeTarget section */
		DFF8DC1F1C734C7400DE2E2F /* QQZone */ = {
			isa = PBXNativeTarget;
			buildConfigurationList = DFF8DC371C734C7400DE2E2F /* Build configuration list for PBXNativeTarget "QQZone" */;
			buildPhases = (
				ADB3B7343A6E28243FEB830F /* Check Pods Manifest.lock */,
				DFF8DC1C1C734C7400DE2E2F /* Sources */,
				DFF8DC1D1C734C7400DE2E2F /* Frameworks */,
				DFF8DC1E1C734C7400DE2E2F /* Resources */,
				CCC638D5917C819331066411 /* Embed Pods Frameworks */,
				C25D5EF8ECF498F2C63DB31D /* Copy Pods Resources */,
			);
			buildRules = (
			);
			dependencies = (
			);
			name = QQZone;
			productName = QQZone;
			productReference = DFF8DC201C734C7400DE2E2F /* QQZone.app */;
			productType = "com.apple.product-type.application";
		};
/* End PBXNativeTarget section */

/* Begin PBXProject section */
		DFF8DC181C734C7400DE2E2F /* Project object */ = {
			isa = PBXProject;
			attributes = {
				CLASSPREFIX = SJ;
				LastUpgradeCheck = 0700;
				ORGANIZATIONNAME = world;
				TargetAttributes = {
					DFF8DC1F1C734C7400DE2E2F = {
						CreatedOnToolsVersion = 7.0;
					};
				};
			};
			buildConfigurationList = DFF8DC1B1C734C7400DE2E2F /* Build configuration list for PBXProject "QQZone" */;
			compatibilityVersion = "Xcode 3.2";
			developmentRegion = English;
			hasScannedForEncodings = 0;
			knownRegions = (
				en,
				Base,
			);
			mainGroup = DFF8DC171C734C7400DE2E2F;
			productRefGroup = DFF8DC211C734C7400DE2E2F /* Products */;
			projectDirPath = "";
			projectRoot = "";
			targets = (
				DFF8DC1F1C734C7400DE2E2F /* QQZone */,
			);
		};
/* End PBXProject section */

/* Begin PBXResourcesBuildPhase section */
		DFF8DC1E1C734C7400DE2E2F /* Resources */ = {
			isa = PBXResourcesBuildPhase;
			buildActionMask = 2147483647;
			files = (
				DFF8DC331C734C7400DE2E2F /* LaunchScreen.storyboard in Resources */,
				DFF8DC301C734C7400DE2E2F /* Assets.xcassets in Resources */,
				DFDB4F1A1C7714CD000E49EA /* pxh.JPG in Resources */,
				DFF8DC2E1C734C7400DE2E2F /* Main.storyboard in Resources */,
			);
			runOnlyForDeploymentPostprocessing = 0;
		};
/* End PBXResourcesBuildPhase section */

/* Begin PBXShellScriptBuildPhase section */
		ADB3B7343A6E28243FEB830F /* Check Pods Manifest.lock */ = {
			isa = PBXShellScriptBuildPhase;
			buildActionMask = 2147483647;
			files = (
			);
			inputPaths = (
			);
			name = "Check Pods Manifest.lock";
			outputPaths = (
			);
			runOnlyForDeploymentPostprocessing = 0;
			shellPath = /bin/sh;
			shellScript = "diff \"${PODS_ROOT}/../Podfile.lock\" \"${PODS_ROOT}/Manifest.lock\" > /dev/null\nif [[ $? != 0 ]] ; then\n    cat << EOM\nerror: The sandbox is not in sync with the Podfile.lock. Run 'pod install' or update your CocoaPods installation.\nEOM\n    exit 1\nfi\n";
			showEnvVarsInLog = 0;
		};
		C25D5EF8ECF498F2C63DB31D /* Copy Pods Resources */ = {
			isa = PBXShellScriptBuildPhase;
			buildActionMask = 2147483647;
			files = (
			);
			inputPaths = (
			);
			name = "Copy Pods Resources";
			outputPaths = (
			);
			runOnlyForDeploymentPostprocessing = 0;
			shellPath = /bin/sh;
			shellScript = "\"${SRCROOT}/Pods/Target Support Files/Pods-QQZone/Pods-QQZone-resources.sh\"\n";
			showEnvVarsInLog = 0;
		};
		CCC638D5917C819331066411 /* Embed Pods Frameworks */ = {
			isa = PBXShellScriptBuildPhase;
			buildActionMask = 2147483647;
			files = (
			);
			inputPaths = (
			);
			name = "Embed Pods Frameworks";
			outputPaths = (
			);
			runOnlyForDeploymentPostprocessing = 0;
			shellPath = /bin/sh;
			shellScript = "\"${SRCROOT}/Pods/Target Support Files/Pods-QQZone/Pods-QQZone-frameworks.sh\"\n";
			showEnvVarsInLog = 0;
		};
/* End PBXShellScriptBuildPhase section */

/* Begin PBXSourcesBuildPhase section */
		DFF8DC1C1C734C7400DE2E2F /* Sources */ = {
			isa = PBXSourcesBuildPhase;
			buildActionMask = 2147483647;
			files = (
				DFF8DC4E1C7417BC00DE2E2F /* SJSplitViewController.m in Sources */,
				DF7C3F591C7596E40017B8A8 /* SJMoreTableViewController.m in Sources */,
				DFC1771C1C76F97200561DAE /* SJDetailViewController.m in Sources */,
				DFF8DC461C7414AD00DE2E2F /* AppDelegate.m in Sources */,
				DFF8DC511C744D1800DE2E2F /* SJMenuViewController.m in Sources */,
				DF9BA48A1C76C1F40089D9C6 /* SJMenuButton.m in Sources */,
				DFDB4F261C77FD5F000E49EA /* SJBaseSegmenTableViewController.m in Sources */,
				DF7C3F501C7596C40017B8A8 /* SJAboultMeTableViewController.m in Sources */,
				DF9BA4861C76B6C00089D9C6 /* SJMenuItemViewModel.m in Sources */,
				DFDB4F2B1C780375000E49EA /* SJMyFrendsViewController.m in Sources */,
				DFF8DC541C745D8500DE2E2F /* SJMainTableViewController.m in Sources */,
				DF7C3F531C7596CF0017B8A8 /* SJComposeTableViewController.m in Sources */,
				DF7C40D01C76AED20017B8A8 /* SJMenuItem.m in Sources */,
				DFF8DC251C734C7400DE2E2F /* main.m in Sources */,
				DF7C3F4A1C75969E0017B8A8 /* SJPictureWallCollectionViewController.m in Sources */,
				DF7C3F4D1C7596B50017B8A8 /* SJZoneTableViewController.m in Sources */,
				DF7C3F561C7596DA0017B8A8 /* SJHomeTableViewController.m in Sources */,
				DF7C3F471C7596880017B8A8 /* SJAlbumCollectionViewController.m in Sources */,
			);
			runOnlyForDeploymentPostprocessing = 0;
		};
/* End PBXSourcesBuildPhase section */

/* Begin PBXVariantGroup section */
		DFF8DC2C1C734C7400DE2E2F /* Main.storyboard */ = {
			isa = PBXVariantGroup;
			children = (
				DFF8DC2D1C734C7400DE2E2F /* Base */,
			);
			name = Main.storyboard;
			sourceTree = "<group>";
		};
		DFF8DC311C734C7400DE2E2F /* LaunchScreen.storyboard */ = {
			isa = PBXVariantGroup;
			children = (
				DFF8DC321C734C7400DE2E2F /* Base */,
			);
			name = LaunchScreen.storyboard;
			sourceTree = "<group>";
		};
/* End PBXVariantGroup section */

/* Begin XCBuildConfiguration section */
		DFF8DC351C734C7400DE2E2F /* Debug */ = {
			isa = XCBuildConfiguration;
			buildSettings = {
				ALWAYS_SEARCH_USER_PATHS = NO;
				CLANG_CXX_LANGUAGE_STANDARD = "gnu++0x";
				CLANG_CXX_LIBRARY = "libc++";
				CLANG_ENABLE_MODULES = YES;
				CLANG_ENABLE_OBJC_ARC = YES;
				CLANG_WARN_BOOL_CONVERSION = YES;
				CLANG_WARN_CONSTANT_CONVERSION = YES;
				CLANG_WARN_DIRECT_OBJC_ISA_USAGE = YES_ERROR;
				CLANG_WARN_EMPTY_BODY = YES;
				CLANG_WARN_ENUM_CONVERSION = YES;
				CLANG_WARN_INT_CONVERSION = YES;
				CLANG_WARN_OBJC_ROOT_CLASS = YES_ERROR;
				CLANG_WARN_UNREACHABLE_CODE = YES;
				CLANG_WARN__DUPLICATE_METHOD_MATCH = YES;
				"CODE_SIGN_IDENTITY[sdk=iphoneos*]" = "iPhone Developer";
				COPY_PHASE_STRIP = NO;
				DEBUG_INFORMATION_FORMAT = dwarf;
				ENABLE_STRICT_OBJC_MSGSEND = YES;
				ENABLE_TESTABILITY = YES;
				GCC_C_LANGUAGE_STANDARD = gnu99;
				GCC_DYNAMIC_NO_PIC = NO;
				GCC_NO_COMMON_BLOCKS = YES;
				GCC_OPTIMIZATION_LEVEL = 0;
				GCC_PREPROCESSOR_DEFINITIONS = (
					"DEBUG=1",
					"$(inherited)",
				);
				GCC_WARN_64_TO_32_BIT_CONVERSION = YES;
				GCC_WARN_ABOUT_RETURN_TYPE = YES_ERROR;
				GCC_WARN_UNDECLARED_SELECTOR = YES;
				GCC_WARN_UNINITIALIZED_AUTOS = YES_AGGRESSIVE;
				GCC_WARN_UNUSED_FUNCTION = YES;
				GCC_WARN_UNUSED_VARIABLE = YES;
				IPHONEOS_DEPLOYMENT_TARGET = 9.0;
				MTL_ENABLE_DEBUG_INFO = YES;
				ONLY_ACTIVE_ARCH = YES;
				SDKROOT = iphoneos;
			};
			name = Debug;
		};
		DFF8DC361C734C7400DE2E2F /* Release */ = {
			isa = XCBuildConfiguration;
			buildSettings = {
				ALWAYS_SEARCH_USER_PATHS = NO;
				CLANG_CXX_LANGUAGE_STANDARD = "gnu++0x";
				CLANG_CXX_LIBRARY = "libc++";
				CLANG_ENABLE_MODULES = YES;
				CLANG_ENABLE_OBJC_ARC = YES;
				CLANG_WARN_BOOL_CONVERSION = YES;
				CLANG_WARN_CONSTANT_CONVERSION = YES;
				CLANG_WARN_DIRECT_OBJC_ISA_USAGE = YES_ERROR;
				CLANG_WARN_EMPTY_BODY = YES;
				CLANG_WARN_ENUM_CONVERSION = YES;
				CLANG_WARN_INT_CONVERSION = YES;
				CLANG_WARN_OBJC_ROOT_CLASS = YES_ERROR;
				CLANG_WARN_UNREACHABLE_CODE = YES;
				CLANG_WARN__DUPLICATE_METHOD_MATCH = YES;
				"CODE_SIGN_IDENTITY[sdk=iphoneos*]" = "iPhone Developer";
				COPY_PHASE_STRIP = NO;
				DEBUG_INFORMATION_FORMAT = "dwarf-with-dsym";
				ENABLE_NS_ASSERTIONS = NO;
				ENABLE_STRICT_OBJC_MSGSEND = YES;
				GCC_C_LANGUAGE_STANDARD = gnu99;
				GCC_NO_COMMON_BLOCKS = YES;
				GCC_WARN_64_TO_32_BIT_CONVERSION = YES;
				GCC_WARN_ABOUT_RETURN_TYPE = YES_ERROR;
				GCC_WARN_UNDECLARED_SELECTOR = YES;
				GCC_WARN_UNINITIALIZED_AUTOS = YES_AGGRESSIVE;
				GCC_WARN_UNUSED_FUNCTION = YES;
				GCC_WARN_UNUSED_VARIABLE = YES;
				IPHONEOS_DEPLOYMENT_TARGET = 9.0;
				MTL_ENABLE_DEBUG_INFO = NO;
				SDKROOT = iphoneos;
				VALIDATE_PRODUCT = YES;
			};
			name = Release;
		};
		DFF8DC381C734C7400DE2E2F /* Debug */ = {
			isa = XCBuildConfiguration;
			baseConfigurationReference = B8CAEF3F129833994018B836 /* Pods-QQZone.debug.xcconfig */;
			buildSettings = {
				ASSETCATALOG_COMPILER_APPICON_NAME = AppIcon;
				GCC_PREFIX_HEADER = "$(SRCROOT)/QQZone/PrefixHeader.pch";
				INFOPLIST_FILE = QQZone/Info.plist;
				LD_RUNPATH_SEARCH_PATHS = "$(inherited) @executable_path/Frameworks";
				PRODUCT_BUNDLE_IDENTIFIER = cn.world.QQZone;
				PRODUCT_NAME = "$(TARGET_NAME)";
				TARGETED_DEVICE_FAMILY = "1,2";
			};
			name = Debug;
		};
		DFF8DC391C734C7400DE2E2F /* Release */ = {
			isa = XCBuildConfiguration;
			baseConfigurationReference = 4E5F98094C944181756B2128 /* Pods-QQZone.release.xcconfig */;
			buildSettings = {
				ASSETCATALOG_COMPILER_APPICON_NAME = AppIcon;
				GCC_PREFIX_HEADER = "$(SRCROOT)/QQZone/PrefixHeader.pch";
				INFOPLIST_FILE = QQZone/Info.plist;
				LD_RUNPATH_SEARCH_PATHS = "$(inherited) @executable_path/Frameworks";
				PRODUCT_BUNDLE_IDENTIFIER = cn.world.QQZone;
				PRODUCT_NAME = "$(TARGET_NAME)";
				TARGETED_DEVICE_FAMILY = "1,2";
			};
			name = Release;
		};
/* End XCBuildConfiguration section */

/* Begin XCConfigurationList section */
		DFF8DC1B1C734C7400DE2E2F /* Build configuration list for PBXProject "QQZone" */ = {
			isa = XCConfigurationList;
			buildConfigurations = (
				DFF8DC351C734C7400DE2E2F /* Debug */,
				DFF8DC361C734C7400DE2E2F /* Release */,
			);
			defaultConfigurationIsVisible = 0;
			defaultConfigurationName = Release;
		};
		DFF8DC371C734C7400DE2E2F /* Build configuration list for PBXNativeTarget "QQZone" */ = {
			isa = XCConfigurationList;
			buildConfigurations = (
				DFF8DC381C734C7400DE2E2F /* Debug */,
				DFF8DC391C734C7400DE2E2F /* Release */,
			);
			defaultConfigurationIsVisible = 0;
			defaultConfigurationName = Release;
		};
/* End XCConfigurationList section */
	};
	rootObject = DFF8DC181C734C7400DE2E2F /* Project object */;
}
